
Microsoft Visual Studio Solution File, Format Version 12.00
# Visual Studio Version 17
VisualStudioVersion = 17.14.36301.6 d17.14
MinimumVisualStudioVersion = 10.0.40219.1
Project("{FAE04EC0-301F-11D3-BF4B-00C04F79EFBC}") = "HotCholocate", "HotCholocate.csproj", "{6B880CFD-FABF-4F92-86E4-EC993093C350}"
EndProject
Global
	GlobalSection(SolutionConfigurationPlatforms) = preSolution
		Debug|Any CPU = Debug|Any CPU
		Release|Any CPU = Release|Any CPU
	EndGlobalSection
	GlobalSection(ProjectConfigurationPlatforms) = postSolution
		{6B880CFD-FABF-4F92-86E4-EC993093C350}.Debug|Any CPU.ActiveCfg = Debug|Any CPU
		{6B880CFD-FABF-4F92-86E4-EC993093C350}.Debug|Any CPU.Build.0 = Debug|Any CPU
		{6B880CFD-FABF-4F92-86E4-EC993093C350}.Release|Any CPU.ActiveCfg = Release|Any CPU
		{6B880CFD-FABF-4F92-86E4-EC993093C350}.Release|Any CPU.Build.0 = Release|Any CPU
	EndGlobalSection
	GlobalSection(SolutionProperties) = preSolution
		HideSolutionNode = FALSE
	EndGlobalSection
	GlobalSection(ExtensibilityGlobals) = postSolution
		SolutionGuid = {BC019EA3-DD0F-48C4-B634-5020A1849A94}
	EndGlobalSection
EndGlobal
